
Microsoft Visual Studio Solution File, Format Version 12.00
# Visual Studio Version 16
VisualStudioVersion = 16.0.30114.128
MinimumVisualStudioVersion = 10.0.40219.1
Project("{FAE04EC0-301F-11D3-BF4B-00C04F79EFBC}") = "ConsoleApp", "ConsoleApp\ConsoleApp.csproj", "{89D4371F-7F01-421D-90D1-2C63E09F143A}"
EndProject
Project("{FAE04EC0-301F-11D3-BF4B-00C04F79EFBC}") = "ConsoleApp.Example", "ConsoleApp.Example\ConsoleApp.Example.csproj", "{191E0C65-5ABD-4B50-808D-0A1D914D87B4}"
EndProject
Global
	GlobalSection(SolutionConfigurationPlatforms) = preSolution
		Debug|Any CPU = Debug|Any CPU
		Release|Any CPU = Release|Any CPU
	EndGlobalSection
	GlobalSection(ProjectConfigurationPlatforms) = postSolution
		{89D4371F-7F01-421D-90D1-2C63E09F143A}.Debug|Any CPU.ActiveCfg = Debug|Any CPU
		{89D4371F-7F01-421D-90D1-2C63E09F143A}.Debug|Any CPU.Build.0 = Debug|Any CPU
		{89D4371F-7F01-421D-90D1-2C63E09F143A}.Release|Any CPU.ActiveCfg = Release|Any CPU
		{89D4371F-7F01-421D-90D1-2C63E09F143A}.Release|Any CPU.Build.0 = Release|Any CPU
		{191E0C65-5ABD-4B50-808D-0A1D914D87B4}.Debug|Any CPU.ActiveCfg = Debug|Any CPU
		{191E0C65-5ABD-4B50-808D-0A1D914D87B4}.Debug|Any CPU.Build.0 = Debug|Any CPU
		{191E0C65-5ABD-4B50-808D-0A1D914D87B4}.Release|Any CPU.ActiveCfg = Release|Any CPU
		{191E0C65-5ABD-4B50-808D-0A1D914D87B4}.Release|Any CPU.Build.0 = Release|Any CPU
	EndGlobalSection
	GlobalSection(SolutionProperties) = preSolution
		HideSolutionNode = FALSE
	EndGlobalSection
	GlobalSection(ExtensibilityGlobals) = postSolution
		SolutionGuid = {8CB19CAF-96F0-4AFD-8B8A-4BAE02C6BC01}
	EndGlobalSection
EndGlobal
